
Microsoft Visual Studio Solution File, Format Version 12.00
# Visual Studio Version 17
VisualStudioVersion = 17.9.34616.47
MinimumVisualStudioVersion = 10.0.40219.1
Project("{9A19103F-16F7-4668-BE54-9A1E7A4F7556}") = "Calculator", "Calculator\Calculator.csproj", "{EC450BD1-4FCC-4F76-BCA6-58908CAE58B6}"
EndProject
Project("{9A19103F-16F7-4668-BE54-9A1E7A4F7556}") = "LuckyNumber", "LuckyNumber\LuckyNumber.csproj", "{ABE392BF-8B7B-4AE2-8CA8-50CA564AD71E}"
EndProject
Project("{9A19103F-16F7-4668-BE54-9A1E7A4F7556}") = "2-gavin-lon-easy", "gav-lon-part-2\2-gavin-lon-easy.csproj", "{4607BF09-B5B5-40C0-AE43-303AA0CC7FC1}"
EndProject
Project("{9A19103F-16F7-4668-BE54-9A1E7A4F7556}") = "3-gavin-lon-easy", "3-gavin-lon-easy\3-gavin-lon-easy.csproj", "{4DEF65C8-9D0A-4A69-8D04-6C46AC8765B3}"
EndProject
Project("{9A19103F-16F7-4668-BE54-9A1E7A4F7556}") = "DerekBanasEasy", "derek-banas-basics\DerekBanasEasy.csproj", "{1D526833-5AEE-409F-A1B6-F2E1194B03B5}"
EndProject
Project("{FAE04EC0-301F-11D3-BF4B-00C04F79EFBC}") = "DerekBanasOOPExample", "DerekBanasOOPExample\DerekBanasOOPExample.csproj", "{B7F67477-A7FA-4102-A323-616C6AEF697E}"
EndProject
Global
	GlobalSection(SolutionConfigurationPlatforms) = preSolution
		Debug|Any CPU = Debug|Any CPU
		Release|Any CPU = Release|Any CPU
	EndGlobalSection
	GlobalSection(ProjectConfigurationPlatforms) = postSolution
		{EC450BD1-4FCC-4F76-BCA6-58908CAE58B6}.Debug|Any CPU.ActiveCfg = Debug|Any CPU
		{EC450BD1-4FCC-4F76-BCA6-58908CAE58B6}.Debug|Any CPU.Build.0 = Debug|Any CPU
		{EC450BD1-4FCC-4F76-BCA6-58908CAE58B6}.Release|Any CPU.ActiveCfg = Release|Any CPU
		{EC450BD1-4FCC-4F76-BCA6-58908CAE58B6}.Release|Any CPU.Build.0 = Release|Any CPU
		{ABE392BF-8B7B-4AE2-8CA8-50CA564AD71E}.Debug|Any CPU.ActiveCfg = Debug|Any CPU
		{ABE392BF-8B7B-4AE2-8CA8-50CA564AD71E}.Debug|Any CPU.Build.0 = Debug|Any CPU
		{ABE392BF-8B7B-4AE2-8CA8-50CA564AD71E}.Release|Any CPU.ActiveCfg = Release|Any CPU
		{ABE392BF-8B7B-4AE2-8CA8-50CA564AD71E}.Release|Any CPU.Build.0 = Release|Any CPU
		{4607BF09-B5B5-40C0-AE43-303AA0CC7FC1}.Debug|Any CPU.ActiveCfg = Debug|Any CPU
		{4607BF09-B5B5-40C0-AE43-303AA0CC7FC1}.Debug|Any CPU.Build.0 = Debug|Any CPU
		{4607BF09-B5B5-40C0-AE43-303AA0CC7FC1}.Release|Any CPU.ActiveCfg = Release|Any CPU
		{4607BF09-B5B5-40C0-AE43-303AA0CC7FC1}.Release|Any CPU.Build.0 = Release|Any CPU
		{4DEF65C8-9D0A-4A69-8D04-6C46AC8765B3}.Debug|Any CPU.ActiveCfg = Debug|Any CPU
		{4DEF65C8-9D0A-4A69-8D04-6C46AC8765B3}.Debug|Any CPU.Build.0 = Debug|Any CPU
		{4DEF65C8-9D0A-4A69-8D04-6C46AC8765B3}.Release|Any CPU.ActiveCfg = Release|Any CPU
		{4DEF65C8-9D0A-4A69-8D04-6C46AC8765B3}.Release|Any CPU.Build.0 = Release|Any CPU
		{1D526833-5AEE-409F-A1B6-F2E1194B03B5}.Debug|Any CPU.ActiveCfg = Debug|Any CPU
		{1D526833-5AEE-409F-A1B6-F2E1194B03B5}.Debug|Any CPU.Build.0 = Debug|Any CPU
		{1D526833-5AEE-409F-A1B6-F2E1194B03B5}.Release|Any CPU.ActiveCfg = Release|Any CPU
		{1D526833-5AEE-409F-A1B6-F2E1194B03B5}.Release|Any CPU.Build.0 = Release|Any CPU
		{B7F67477-A7FA-4102-A323-616C6AEF697E}.Debug|Any CPU.ActiveCfg = Debug|Any CPU
		{B7F67477-A7FA-4102-A323-616C6AEF697E}.Debug|Any CPU.Build.0 = Debug|Any CPU
		{B7F67477-A7FA-4102-A323-616C6AEF697E}.Release|Any CPU.ActiveCfg = Release|Any CPU
		{B7F67477-A7FA-4102-A323-616C6AEF697E}.Release|Any CPU.Build.0 = Release|Any CPU
	EndGlobalSection
	GlobalSection(SolutionProperties) = preSolution
		HideSolutionNode = FALSE
	EndGlobalSection
	GlobalSection(ExtensibilityGlobals) = postSolution
		SolutionGuid = {3BDCDE0A-D03D-4A6D-ACBD-D6B77293288E}
	EndGlobalSection
EndGlobal
